// !$*UTF8*$!
{
	archiveVersion = 1;
	classes = {
	};
	objectVersion = 52;
	objects = {

/* Begin PBXBuildFile section */
		29003822247D06EC007405B4 /* AppDelegate.swift in Sources */ = {isa = PBXBuildFile; fileRef = 29003821247D06EC007405B4 /* AppDelegate.swift */; };
		29003824247D06EC007405B4 /* SceneDelegate.swift in Sources */ = {isa = PBXBuildFile; fileRef = 29003823247D06EC007405B4 /* SceneDelegate.swift */; };
		29003826247D06ED007405B4 /* ContentView.swift in Sources */ = {isa = PBXBuildFile; fileRef = 29003825247D06ED007405B4 /* ContentView.swift */; };
		29003828247D06F3007405B4 /* Assets.xcassets in Resources */ = {isa = PBXBuildFile; fileRef = 29003827247D06F3007405B4 /* Assets.xcassets */; };
		2900382B247D06F3007405B4 /* Preview Assets.xcassets in Resources */ = {isa = PBXBuildFile; fileRef = 2900382A247D06F3007405B4 /* Preview Assets.xcassets */; };
		2900382E247D06F3007405B4 /* LaunchScreen.storyboard in Resources */ = {isa = PBXBuildFile; fileRef = 2900382C247D06F3007405B4 /* LaunchScreen.storyboard */; };
		29003839247D06F4007405B4 /* Workflow_iOSUITests.swift in Sources */ = {isa = PBXBuildFile; fileRef = 29003838247D06F4007405B4 /* Workflow_iOSUITests.swift */; };
		29105A04247F8604008786EC /* GridStack in Frameworks */ = {isa = PBXBuildFile; productRef = 29105A03247F8604008786EC /* GridStack */; };
		29105A102480E964008786EC /* SnapshotHelper.swift in Sources */ = {isa = PBXBuildFile; fileRef = 29105A0F2480E964008786EC /* SnapshotHelper.swift */; };
/* End PBXBuildFile section */

/* Begin PBXContainerItemProxy section */
		29003835247D06F4007405B4 /* PBXContainerItemProxy */ = {
			isa = PBXContainerItemProxy;
			containerPortal = 29003816247D06EC007405B4 /* Project object */;
			proxyType = 1;
			remoteGlobalIDString = 2900381D247D06EC007405B4;
			remoteInfo = "Workflow-iOS";
		};
/* End PBXContainerItemProxy section */

/* Begin PBXFileReference section */
		2900381E247D06EC007405B4 /* Workflow-iOS.app */ = {isa = PBXFileReference; explicitFileType = wrapper.application; includeInIndex = 0; path = "Workflow-iOS.app"; sourceTree = BUILT_PRODUCTS_DIR; };
		29003821247D06EC007405B4 /* AppDelegate.swift */ = {isa = PBXFileReference; lastKnownFileType = sourcecode.swift; path = AppDelegate.swift; sourceTree = "<group>"; };
		29003823247D06EC007405B4 /* SceneDelegate.swift */ = {isa = PBXFileReference; lastKnownFileType = sourcecode.swift; path = SceneDelegate.swift; sourceTree = "<group>"; };
		29003825247D06ED007405B4 /* ContentView.swift */ = {isa = PBXFileReference; lastKnownFileType = sourcecode.swift; path = ContentView.swift; sourceTree = "<group>"; };
		29003827247D06F3007405B4 /* Assets.xcassets */ = {isa = PBXFileReference; lastKnownFileType = folder.assetcatalog; path = Assets.xcassets; sourceTree = "<group>"; };
		2900382A247D06F3007405B4 /* Preview Assets.xcassets */ = {isa = PBXFileReference; lastKnownFileType = folder.assetcatalog; path = "Preview Assets.xcassets"; sourceTree = "<group>"; };
		2900382D247D06F3007405B4 /* Base */ = {isa = PBXFileReference; lastKnownFileType = file.storyboard; name = Base; path = Base.lproj/LaunchScreen.storyboard; sourceTree = "<group>"; };
		2900382F247D06F3007405B4 /* Info.plist */ = {isa = PBXFileReference; lastKnownFileType = text.plist.xml; path = Info.plist; sourceTree = "<group>"; };
		29003834247D06F4007405B4 /* Workflow-iOSUITests.xctest */ = {isa = PBXFileReference; explicitFileType = wrapper.cfbundle; includeInIndex = 0; path = "Workflow-iOSUITests.xctest"; sourceTree = BUILT_PRODUCTS_DIR; };
		29003838247D06F4007405B4 /* Workflow_iOSUITests.swift */ = {isa = PBXFileReference; lastKnownFileType = sourcecode.swift; path = Workflow_iOSUITests.swift; sourceTree = "<group>"; };
		2900383A247D06F4007405B4 /* Info.plist */ = {isa = PBXFileReference; lastKnownFileType = text.plist.xml; path = Info.plist; sourceTree = "<group>"; };
		29105A0F2480E964008786EC /* SnapshotHelper.swift */ = {isa = PBXFileReference; fileEncoding = 4; lastKnownFileType = sourcecode.swift; name = SnapshotHelper.swift; path = fastlane/SnapshotHelper.swift; sourceTree = SOURCE_ROOT; };
/* End PBXFileReference section */

/* Begin PBXFrameworksBuildPhase section */
		2900381B247D06EC007405B4 /* Frameworks */ = {
			isa = PBXFrameworksBuildPhase;
			buildActionMask = 2147483647;
			files = (
				29105A04247F8604008786EC /* GridStack in Frameworks */,
			);
			runOnlyForDeploymentPostprocessing = 0;
		};
		29003831247D06F4007405B4 /* Frameworks */ = {
			isa = PBXFrameworksBuildPhase;
			buildActionMask = 2147483647;
			files = (
			);
			runOnlyForDeploymentPostprocessing = 0;
		};
/* End PBXFrameworksBuildPhase section */

/* Begin PBXGroup section */
		29003815247D06EC007405B4 = {
			isa = PBXGroup;
			children = (
				29003820247D06EC007405B4 /* Workflow-iOS */,
				29003837247D06F4007405B4 /* Workflow-iOSUITests */,
				2900381F247D06EC007405B4 /* Products */,
			);
			sourceTree = "<group>";
		};
		2900381F247D06EC007405B4 /* Products */ = {
			isa = PBXGroup;
			children = (
				2900381E247D06EC007405B4 /* Workflow-iOS.app */,
				29003834247D06F4007405B4 /* Workflow-iOSUITests.xctest */,
			);
			name = Products;
			sourceTree = "<group>";
		};
		29003820247D06EC007405B4 /* Workflow-iOS */ = {
			isa = PBXGroup;
			children = (
				29003821247D06EC007405B4 /* AppDelegate.swift */,
				29003823247D06EC007405B4 /* SceneDelegate.swift */,
				29003825247D06ED007405B4 /* ContentView.swift */,
				29003827247D06F3007405B4 /* Assets.xcassets */,
				2900382C247D06F3007405B4 /* LaunchScreen.storyboard */,
				2900382F247D06F3007405B4 /* Info.plist */,
				29003829247D06F3007405B4 /* Preview Content */,
			);
			path = "Workflow-iOS";
			sourceTree = "<group>";
		};
		29003829247D06F3007405B4 /* Preview Content */ = {
			isa = PBXGroup;
			children = (
				2900382A247D06F3007405B4 /* Preview Assets.xcassets */,
			);
			path = "Preview Content";
			sourceTree = "<group>";
		};
		29003837247D06F4007405B4 /* Workflow-iOSUITests */ = {
			isa = PBXGroup;
			children = (
				29105A0F2480E964008786EC /* SnapshotHelper.swift */,
				29003838247D06F4007405B4 /* Workflow_iOSUITests.swift */,
				2900383A247D06F4007405B4 /* Info.plist */,
			);
			path = "Workflow-iOSUITests";
			sourceTree = "<group>";
		};
/* End PBXGroup section */

/* Begin PBXNativeTarget section */
		2900381D247D06EC007405B4 /* Workflow-iOS */ = {
			isa = PBXNativeTarget;
			buildConfigurationList = 2900383D247D06F4007405B4 /* Build configuration list for PBXNativeTarget "Workflow-iOS" */;
			buildPhases = (
				2900381A247D06EC007405B4 /* Sources */,
				2900381B247D06EC007405B4 /* Frameworks */,
				2900381C247D06EC007405B4 /* Resources */,
			);
			buildRules = (
			);
			dependencies = (
			);
			name = "Workflow-iOS";
			packageProductDependencies = (
				29105A03247F8604008786EC /* GridStack */,
			);
			productName = "Workflow-iOS";
			productReference = 2900381E247D06EC007405B4 /* Workflow-iOS.app */;
			productType = "com.apple.product-type.application";
		};
		29003833247D06F4007405B4 /* Workflow-iOSUITests */ = {
			isa = PBXNativeTarget;
			buildConfigurationList = 29003840247D06F4007405B4 /* Build configuration list for PBXNativeTarget "Workflow-iOSUITests" */;
			buildPhases = (
				29003830247D06F4007405B4 /* Sources */,
				29003831247D06F4007405B4 /* Frameworks */,
				29003832247D06F4007405B4 /* Resources */,
			);
			buildRules = (
			);
			dependencies = (
				29003836247D06F4007405B4 /* PBXTargetDependency */,
			);
			name = "Workflow-iOSUITests";
			productName = "Workflow-iOSUITests";
			productReference = 29003834247D06F4007405B4 /* Workflow-iOSUITests.xctest */;
			productType = "com.apple.product-type.bundle.ui-testing";
		};
/* End PBXNativeTarget section */

/* Begin PBXProject section */
		29003816247D06EC007405B4 /* Project object */ = {
			isa = PBXProject;
			attributes = {
				LastSwiftUpdateCheck = 1150;
				LastUpgradeCheck = 1150;
				ORGANIZATIONNAME = Jagoth;
				TargetAttributes = {
					2900381D247D06EC007405B4 = {
						CreatedOnToolsVersion = 11.5;
					};
					29003833247D06F4007405B4 = {
						CreatedOnToolsVersion = 11.5;
						TestTargetID = 2900381D247D06EC007405B4;
					};
				};
			};
			buildConfigurationList = 29003819247D06EC007405B4 /* Build configuration list for PBXProject "Workflow-iOS" */;
			compatibilityVersion = "Xcode 9.3";
			developmentRegion = en;
			hasScannedForEncodings = 0;
			knownRegions = (
				en,
				Base,
			);
			mainGroup = 29003815247D06EC007405B4;
			packageReferences = (
				29105A02247F8604008786EC /* XCRemoteSwiftPackageReference "GridStack" */,
			);
			productRefGroup = 2900381F247D06EC007405B4 /* Products */;
			projectDirPath = "";
			projectRoot = "";
			targets = (
				2900381D247D06EC007405B4 /* Workflow-iOS */,
				29003833247D06F4007405B4 /* Workflow-iOSUITests */,
			);
		};
/* End PBXProject section */

/* Begin PBXResourcesBuildPhase section */
		2900381C247D06EC007405B4 /* Resources */ = {
			isa = PBXResourcesBuildPhase;
			buildActionMask = 2147483647;
			files = (
				2900382E247D06F3007405B4 /* LaunchScreen.storyboard in Resources */,
				2900382B247D06F3007405B4 /* Preview Assets.xcassets in Resources */,
				29003828247D06F3007405B4 /* Assets.xcassets in Resources */,
			);
			runOnlyForDeploymentPostprocessing = 0;
		};
		29003832247D06F4007405B4 /* Resources */ = {
			isa = PBXResourcesBuildPhase;
			buildActionMask = 2147483647;
			files = (
			);
			runOnlyForDeploymentPostprocessing = 0;
		};
/* End PBXResourcesBuildPhase section */

/* Begin PBXSourcesBuildPhase section */
		2900381A247D06EC007405B4 /* Sources */ = {
			isa = PBXSourcesBuildPhase;
			buildActionMask = 2147483647;
			files = (
				29003822247D06EC007405B4 /* AppDelegate.swift in Sources */,
				29003824247D06EC007405B4 /* SceneDelegate.swift in Sources */,
				29003826247D06ED007405B4 /* ContentView.swift in Sources */,
			);
			runOnlyForDeploymentPostprocessing = 0;
		};
		29003830247D06F4007405B4 /* Sources */ = {
			isa = PBXSourcesBuildPhase;
			buildActionMask = 2147483647;
			files = (
				29003839247D06F4007405B4 /* Workflow_iOSUITests.swift in Sources */,
				29105A102480E964008786EC /* SnapshotHelper.swift in Sources */,
			);
			runOnlyForDeploymentPostprocessing = 0;
		};
/* End PBXSourcesBuildPhase section */

/* Begin PBXTargetDependency section */
		29003836247D06F4007405B4 /* PBXTargetDependency */ = {
			isa = PBXTargetDependency;
			target = 2900381D247D06EC007405B4 /* Workflow-iOS */;
			targetProxy = 29003835247D06F4007405B4 /* PBXContainerItemProxy */;
		};
/* End PBXTargetDependency section */

/* Begin PBXVariantGroup section */
		2900382C247D06F3007405B4 /* LaunchScreen.storyboard */ = {
			isa = PBXVariantGroup;
			children = (
				2900382D247D06F3007405B4 /* Base */,
			);
			name = LaunchScreen.storyboard;
			sourceTree = "<group>";
		};
/* End PBXVariantGroup section */

/* Begin XCBuildConfiguration section */
		2900383B247D06F4007405B4 /* Debug */ = {
			isa = XCBuildConfiguration;
			buildSettings = {
				ALWAYS_SEARCH_USER_PATHS = NO;
				CLANG_ANALYZER_NONNULL = YES;
				CLANG_ANALYZER_NUMBER_OBJECT_CONVERSION = YES_AGGRESSIVE;
				CLANG_CXX_LANGUAGE_STANDARD = "gnu++14";
				CLANG_CXX_LIBRARY = "libc++";
				CLANG_ENABLE_MODULES = YES;
				CLANG_ENABLE_OBJC_ARC = YES;
				CLANG_ENABLE_OBJC_WEAK = YES;
				CLANG_WARN_BLOCK_CAPTURE_AUTORELEASING = YES;
				CLANG_WARN_BOOL_CONVERSION = YES;
				CLANG_WARN_COMMA = YES;
				CLANG_WARN_CONSTANT_CONVERSION = YES;
				CLANG_WARN_DEPRECATED_OBJC_IMPLEMENTATIONS = YES;
				CLANG_WARN_DIRECT_OBJC_ISA_USAGE = YES_ERROR;
				CLANG_WARN_DOCUMENTATION_COMMENTS = YES;
				CLANG_WARN_EMPTY_BODY = YES;
				CLANG_WARN_ENUM_CONVERSION = YES;
				CLANG_WARN_INFINITE_RECURSION = YES;
				CLANG_WARN_INT_CONVERSION = YES;
				CLANG_WARN_NON_LITERAL_NULL_CONVERSION = YES;
				CLANG_WARN_OBJC_IMPLICIT_RETAIN_SELF = YES;
				CLANG_WARN_OBJC_LITERAL_CONVERSION = YES;
				CLANG_WARN_OBJC_ROOT_CLASS = YES_ERROR;
				CLANG_WARN_RANGE_LOOP_ANALYSIS = YES;
				CLANG_WARN_STRICT_PROTOTYPES = YES;
				CLANG_WARN_SUSPICIOUS_MOVE = YES;
				CLANG_WARN_UNGUARDED_AVAILABILITY = YES_AGGRESSIVE;
				CLANG_WARN_UNREACHABLE_CODE = YES;
				CLANG_WARN__DUPLICATE_METHOD_MATCH = YES;
				COPY_PHASE_STRIP = NO;
				DEBUG_INFORMATION_FORMAT = dwarf;
				ENABLE_STRICT_OBJC_MSGSEND = YES;
				ENABLE_TESTABILITY = YES;
				GCC_C_LANGUAGE_STANDARD = gnu11;
				GCC_DYNAMIC_NO_PIC = NO;
				GCC_NO_COMMON_BLOCKS = YES;
				GCC_OPTIMIZATION_LEVEL = 0;
				GCC_PREPROCESSOR_DEFINITIONS = (
					"DEBUG=1",
					"$(inherited)",
				);
				GCC_WARN_64_TO_32_BIT_CONVERSION = YES;
				GCC_WARN_ABOUT_RETURN_TYPE = YES_ERROR;
				GCC_WARN_UNDECLARED_SELECTOR = YES;
				GCC_WARN_UNINITIALIZED_AUTOS = YES_AGGRESSIVE;
				GCC_WARN_UNUSED_FUNCTION = YES;
				GCC_WARN_UNUSED_VARIABLE = YES;
				IPHONEOS_DEPLOYMENT_TARGET = 13.4;
				MTL_ENABLE_DEBUG_INFO = INCLUDE_SOURCE;
				MTL_FAST_MATH = YES;
				ONLY_ACTIVE_ARCH = YES;
				SDKROOT = iphoneos;
				SWIFT_ACTIVE_COMPILATION_CONDITIONS = DEBUG;
				SWIFT_OPTIMIZATION_LEVEL = "-Onone";
			};
			name = Debug;
		};
		2900383C247D06F4007405B4 /* Release */ = {
			isa = XCBuildConfiguration;
			buildSettings = {
				ALWAYS_SEARCH_USER_PATHS = NO;
				CLANG_ANALYZER_NONNULL = YES;
				CLANG_ANALYZER_NUMBER_OBJECT_CONVERSION = YES_AGGRESSIVE;
				CLANG_CXX_LANGUAGE_STANDARD = "gnu++14";
				CLANG_CXX_LIBRARY = "libc++";
				CLANG_ENABLE_MODULES = YES;
				CLANG_ENABLE_OBJC_ARC = YES;
				CLANG_ENABLE_OBJC_WEAK = YES;
				CLANG_WARN_BLOCK_CAPTURE_AUTORELEASING = YES;
				CLANG_WARN_BOOL_CONVERSION = YES;
				CLANG_WARN_COMMA = YES;
				CLANG_WARN_CONSTANT_CONVERSION = YES;
				CLANG_WARN_DEPRECATED_OBJC_IMPLEMENTATIONS = YES;
				CLANG_WARN_DIRECT_OBJC_ISA_USAGE = YES_ERROR;
				CLANG_WARN_DOCUMENTATION_COMMENTS = YES;
				CLANG_WARN_EMPTY_BODY = YES;
				CLANG_WARN_ENUM_CONVERSION = YES;
				CLANG_WARN_INFINITE_RECURSION = YES;
				CLANG_WARN_INT_CONVERSION = YES;
				CLANG_WARN_NON_LITERAL_NULL_CONVERSION = YES;
				CLANG_WARN_OBJC_IMPLICIT_RETAIN_SELF = YES;
				CLANG_WARN_OBJC_LITERAL_CONVERSION = YES;
				CLANG_WARN_OBJC_ROOT_CLASS = YES_ERROR;
				CLANG_WARN_RANGE_LOOP_ANALYSIS = YES;
				CLANG_WARN_STRICT_PROTOTYPES = YES;
				CLANG_WARN_SUSPICIOUS_MOVE = YES;
				CLANG_WARN_UNGUARDED_AVAILABILITY = YES_AGGRESSIVE;
				CLANG_WARN_UNREACHABLE_CODE = YES;
				CLANG_WARN__DUPLICATE_METHOD_MATCH = YES;
				COPY_PHASE_STRIP = NO;
				DEBUG_INFORMATION_FORMAT = "dwarf-with-dsym";
				ENABLE_NS_ASSERTIONS = NO;
				ENABLE_STRICT_OBJC_MSGSEND = YES;
				GCC_C_LANGUAGE_STANDARD = gnu11;
				GCC_NO_COMMON_BLOCKS = YES;
				GCC_WARN_64_TO_32_BIT_CONVERSION = YES;
				GCC_WARN_ABOUT_RETURN_TYPE = YES_ERROR;
				GCC_WARN_UNDECLARED_SELECTOR = YES;
				GCC_WARN_UNINITIALIZED_AUTOS = YES_AGGRESSIVE;
				GCC_WARN_UNUSED_FUNCTION = YES;
				GCC_WARN_UNUSED_VARIABLE = YES;
				IPHONEOS_DEPLOYMENT_TARGET = 13.4;
				MTL_ENABLE_DEBUG_INFO = NO;
				MTL_FAST_MATH = YES;
				SDKROOT = iphoneos;
				SWIFT_COMPILATION_MODE = wholemodule;
				SWIFT_OPTIMIZATION_LEVEL = "-O";
				VALIDATE_PRODUCT = YES;
			};
			name = Release;
		};
		2900383E247D06F4007405B4 /* Debug */ = {
			isa = XCBuildConfiguration;
			buildSettings = {
				ASSETCATALOG_COMPILER_APPICON_NAME = AppIcon;
				CODE_SIGN_STYLE = Automatic;
				DEVELOPMENT_ASSET_PATHS = "\"Workflow-iOS/Preview Content\"";
				DEVELOPMENT_TEAM = ZRS4434NW6;
				ENABLE_PREVIEWS = YES;
				INFOPLIST_FILE = "Workflow-iOS/Info.plist";
				LD_RUNPATH_SEARCH_PATHS = (
					"$(inherited)",
					"@executable_path/Frameworks",
				);
				PRODUCT_BUNDLE_IDENTIFIER = "com.app.Workflow-iOS-jjd";
				PRODUCT_NAME = "$(TARGET_NAME)";
				SWIFT_VERSION = 5.0;
				TARGETED_DEVICE_FAMILY = "1,2";
			};
			name = Debug;
		};
		2900383F247D06F4007405B4 /* Release */ = {
			isa = XCBuildConfiguration;
			buildSettings = {
				ASSETCATALOG_COMPILER_APPICON_NAME = AppIcon;
				CODE_SIGN_STYLE = Automatic;
				DEVELOPMENT_ASSET_PATHS = "\"Workflow-iOS/Preview Content\"";
				DEVELOPMENT_TEAM = ZRS4434NW6;
				ENABLE_PREVIEWS = YES;
				INFOPLIST_FILE = "Workflow-iOS/Info.plist";
				LD_RUNPATH_SEARCH_PATHS = (
					"$(inherited)",
					"@executable_path/Frameworks",
				);
				PRODUCT_BUNDLE_IDENTIFIER = "com.app.Workflow-iOS-jjd";
				PRODUCT_NAME = "$(TARGET_NAME)";
				SWIFT_VERSION = 5.0;
				TARGETED_DEVICE_FAMILY = "1,2";
			};
			name = Release;
		};
		29003841247D06F4007405B4 /* Debug */ = {
			isa = XCBuildConfiguration;
			buildSettings = {
				ALWAYS_EMBED_SWIFT_STANDARD_LIBRARIES = YES;
				CODE_SIGN_STYLE = Automatic;
				DEVELOPMENT_TEAM = ZRS4434NW6;
				INFOPLIST_FILE = "Workflow-iOSUITests/Info.plist";
				LD_RUNPATH_SEARCH_PATHS = (
					"$(inherited)",
					"@executable_path/Frameworks",
					"@loader_path/Frameworks",
				);
				PRODUCT_BUNDLE_IDENTIFIER = "com.app.Workflow-iOSUITests";
				PRODUCT_NAME = "$(TARGET_NAME)";
				SWIFT_VERSION = 5.0;
				TARGETED_DEVICE_FAMILY = "1,2";
				TEST_TARGET_NAME = "Workflow-iOS";
			};
			name = Debug;
		};
		29003842247D06F4007405B4 /* Release */ = {
			isa = XCBuildConfiguration;
			buildSettings = {
				ALWAYS_EMBED_SWIFT_STANDARD_LIBRARIES = YES;
				CODE_SIGN_STYLE = Automatic;
				DEVELOPMENT_TEAM = ZRS4434NW6;
				INFOPLIST_FILE = "Workflow-iOSUITests/Info.plist";
				LD_RUNPATH_SEARCH_PATHS = (
					"$(inherited)",
					"@executable_path/Frameworks",
					"@loader_path/Frameworks",
				);
				PRODUCT_BUNDLE_IDENTIFIER = "com.app.Workflow-iOSUITests";
				PRODUCT_NAME = "$(TARGET_NAME)";
				SWIFT_VERSION = 5.0;
				TARGETED_DEVICE_FAMILY = "1,2";
				TEST_TARGET_NAME = "Workflow-iOS";
			};
			name = Release;
		};
/* End XCBuildConfiguration section */

/* Begin XCConfigurationList section */
		29003819247D06EC007405B4 /* Build configuration list for PBXProject "Workflow-iOS" */ = {
			isa = XCConfigurationList;
			buildConfigurations = (
				2900383B247D06F4007405B4 /* Debug */,
				2900383C247D06F4007405B4 /* Release */,
			);
			defaultConfigurationIsVisible = 0;
			defaultConfigurationName = Release;
		};
		2900383D247D06F4007405B4 /* Build configuration list for PBXNativeTarget "Workflow-iOS" */ = {
			isa = XCConfigurationList;
			buildConfigurations = (
				2900383E247D06F4007405B4 /* Debug */,
				2900383F247D06F4007405B4 /* Release */,
			);
			defaultConfigurationIsVisible = 0;
			defaultConfigurationName = Release;
		};
		29003840247D06F4007405B4 /* Build configuration list for PBXNativeTarget "Workflow-iOSUITests" */ = {
			isa = XCConfigurationList;
			buildConfigurations = (
				29003841247D06F4007405B4 /* Debug */,
				29003842247D06F4007405B4 /* Release */,
			);
			defaultConfigurationIsVisible = 0;
			defaultConfigurationName = Release;
		};
/* End XCConfigurationList section */

/* Begin XCRemoteSwiftPackageReference section */
		29105A02247F8604008786EC /* XCRemoteSwiftPackageReference "GridStack" */ = {
			isa = XCRemoteSwiftPackageReference;
			repositoryURL = "https://github.com/pietropizzi/GridStack.git";
			requirement = {
				kind = upToNextMajorVersion;
				minimumVersion = 0.4.1;
			};
		};
/* End XCRemoteSwiftPackageReference section */

/* Begin XCSwiftPackageProductDependency section */
		29105A03247F8604008786EC /* GridStack */ = {
			isa = XCSwiftPackageProductDependency;
			package = 29105A02247F8604008786EC /* XCRemoteSwiftPackageReference "GridStack" */;
			productName = GridStack;
		};
/* End XCSwiftPackageProductDependency section */
	};
	rootObject = 29003816247D06EC007405B4 /* Project object */;
}
